
Microsoft Visual Studio Solution File, Format Version 12.00
# Visual Studio Version 17
VisualStudioVersion = 17.6.33717.318
MinimumVisualStudioVersion = 10.0.40219.1
Project("{8BC9CEB8-8B4A-11D0-8D11-00A0C91BC942}") = "Project4", "Project4\Project4.vcxproj", "{5ACB5D81-81D3-42AD-B87F-4310216EB0D0}"
EndProject
Global
	GlobalSection(SolutionConfigurationPlatforms) = preSolution
		Debug|x64 = Debug|x64
		Debug|x86 = Debug|x86
		Release|x64 = Release|x64
		Release|x86 = Release|x86
	EndGlobalSection
	GlobalSection(ProjectConfigurationPlatforms) = postSolution
		{5ACB5D81-81D3-42AD-B87F-4310216EB0D0}.Debug|x64.ActiveCfg = Debug|x64
		{5ACB5D81-81D3-42AD-B87F-4310216EB0D0}.Debug|x64.Build.0 = Debug|x64
		{5ACB5D81-81D3-42AD-B87F-4310216EB0D0}.Debug|x86.ActiveCfg = Debug|Win32
		{5ACB5D81-81D3-42AD-B87F-4310216EB0D0}.Debug|x86.Build.0 = Debug|Win32
		{5ACB5D81-81D3-42AD-B87F-4310216EB0D0}.Release|x64.ActiveCfg = Release|x64
		{5ACB5D81-81D3-42AD-B87F-4310216EB0D0}.Release|x64.Build.0 = Release|x64
		{5ACB5D81-81D3-42AD-B87F-4310216EB0D0}.Release|x86.ActiveCfg = Release|Win32
		{5ACB5D81-81D3-42AD-B87F-4310216EB0D0}.Release|x86.Build.0 = Release|Win32
	EndGlobalSection
	GlobalSection(SolutionProperties) = preSolution
		HideSolutionNode = FALSE
	EndGlobalSection
	GlobalSection(ExtensibilityGlobals) = postSolution
		SolutionGuid = {AF7E9DD3-2341-4942-A73D-01302F7B75F6}
	EndGlobalSection
EndGlobal
